
Microsoft Visual Studio Solution File, Format Version 12.00
# Visual Studio Version 16
VisualStudioVersion = 16.0.30225.117
MinimumVisualStudioVersion = 10.0.40219.1
Project("{FAE04EC0-301F-11D3-BF4B-00C04F79EFBC}") = "UserRegistration", "UserRegistration\UserRegistration.csproj", "{624A5426-E7E2-4293-A6D5-2A3F5DD40CC6}"
EndProject
Project("{FAE04EC0-301F-11D3-BF4B-00C04F79EFBC}") = "UserRegistrationTest", "UserRegistrationTest\UserRegistrationTest.csproj", "{54EE20CC-734E-4249-97AF-D7A34EB0E8E0}"
EndProject
Global
	GlobalSection(SolutionConfigurationPlatforms) = preSolution
		Debug|Any CPU = Debug|Any CPU
		Release|Any CPU = Release|Any CPU
	EndGlobalSection
	GlobalSection(ProjectConfigurationPlatforms) = postSolution
		{624A5426-E7E2-4293-A6D5-2A3F5DD40CC6}.Debug|Any CPU.ActiveCfg = Debug|Any CPU
		{624A5426-E7E2-4293-A6D5-2A3F5DD40CC6}.Debug|Any CPU.Build.0 = Debug|Any CPU
		{624A5426-E7E2-4293-A6D5-2A3F5DD40CC6}.Release|Any CPU.ActiveCfg = Release|Any CPU
		{624A5426-E7E2-4293-A6D5-2A3F5DD40CC6}.Release|Any CPU.Build.0 = Release|Any CPU
		{54EE20CC-734E-4249-97AF-D7A34EB0E8E0}.Debug|Any CPU.ActiveCfg = Debug|Any CPU
		{54EE20CC-734E-4249-97AF-D7A34EB0E8E0}.Debug|Any CPU.Build.0 = Debug|Any CPU
		{54EE20CC-734E-4249-97AF-D7A34EB0E8E0}.Release|Any CPU.ActiveCfg = Release|Any CPU
		{54EE20CC-734E-4249-97AF-D7A34EB0E8E0}.Release|Any CPU.Build.0 = Release|Any CPU
	EndGlobalSection
	GlobalSection(SolutionProperties) = preSolution
		HideSolutionNode = FALSE
	EndGlobalSection
	GlobalSection(ExtensibilityGlobals) = postSolution
		SolutionGuid = {025499AC-C9CA-411A-9FB5-721C1DE553AA}
	EndGlobalSection
EndGlobal
